
Microsoft Visual Studio Solution File, Format Version 12.00
# Visual Studio Version 17
VisualStudioVersion = 17.0.31903.59
MinimumVisualStudioVersion = 10.0.40219.1
Project("{2150E333-8FDC-42A3-9474-1A3956D46DE8}") = "SolutionItems", "SolutionItems", "{02EA681E-C7D8-13C7-8484-4AC65E1B71E8}"
	ProjectSection(SolutionItems) = preProject
		.editorconfig = .editorconfig
		Directory.Build.props = Directory.Build.props
		Directory.Packages.props = Directory.Packages.props
	EndProjectSection
EndProject
Project("{2150E333-8FDC-42A3-9474-1A3956D46DE8}") = "Aspire", "Aspire", "{5C859110-222E-4B17-8445-D43824C20C3F}"
EndProject
Project("{FAE04EC0-301F-11D3-BF4B-00C04F79EFBC}") = "LMS.AppHost", "src\Aspire\LMS.AppHost\LMS.AppHost.csproj", "{341B0AF4-AA25-4D25-B397-E6362483F771}"
EndProject
Project("{FAE04EC0-301F-11D3-BF4B-00C04F79EFBC}") = "LMS.App.ServiceDefaults", "src\Aspire\LMS.App.ServiceDefaults\LMS.App.ServiceDefaults.csproj", "{3C535996-6615-4FCB-9D9D-DBEFEBFDA178}"
EndProject
Project("{2150E333-8FDC-42A3-9474-1A3956D46DE8}") = "Common", "Common", "{2683005F-D423-47B9-9A11-ECF78D870F4C}"
EndProject
Project("{2150E333-8FDC-42A3-9474-1A3956D46DE8}") = "Modules", "Modules", "{2AF85BB8-99FA-4AB1-99FD-D9248DD3EC08}"
EndProject
Project("{2150E333-8FDC-42A3-9474-1A3956D46DE8}") = "IAM", "IAM", "{1514F9BE-BF12-4B5A-88DA-785A4FF8BCB7}"
EndProject
Project("{2150E333-8FDC-42A3-9474-1A3956D46DE8}") = "Tests", "Tests", "{B12097E0-F1DF-4F4C-9D8A-C849C16C97D6}"
EndProject
Project("{FAE04EC0-301F-11D3-BF4B-00C04F79EFBC}") = "LMS.Modules.IAM.ArchitectureTests", "src\Modules\IAM\LMS.Modules.IAM.ArchitectureTests\LMS.Modules.IAM.ArchitectureTests.csproj", "{EF69B4D3-A88F-4547-B38F-1D1CDAD0A5DE}"
EndProject
Project("{FAE04EC0-301F-11D3-BF4B-00C04F79EFBC}") = "LMS.Modules.IAM.UnitTests", "src\Modules\IAM\LMS.Modules.IAM.UnitTests\LMS.Modules.IAM.UnitTests.csproj", "{EBB7E759-CCC5-43C5-903B-10CDEDADCCF4}"
EndProject
Project("{2150E333-8FDC-42A3-9474-1A3956D46DE8}") = "Src", "Src", "{17115174-30F3-4E41-AF45-086B4F319C98}"
EndProject
Project("{FAE04EC0-301F-11D3-BF4B-00C04F79EFBC}") = "LMS.Modules.IAM.Domain", "src\Modules\IAM\LMS.Modules.IAM.Domain\LMS.Modules.IAM.Domain.csproj", "{128854EF-6431-6E96-CD4E-F9F8AE601434}"
EndProject
Project("{2150E333-8FDC-42A3-9474-1A3956D46DE8}") = "Src", "Src", "{AA5D6FF3-75C5-4992-81ED-C68474C78C94}"
EndProject
Project("{FAE04EC0-301F-11D3-BF4B-00C04F79EFBC}") = "LMS.Common.Domain", "src\Common\LMS.Common.Domain\LMS.Common.Domain.csproj", "{FEAF50CE-4E7E-81C2-189F-2428E0D706CA}"
EndProject
Project("{2150E333-8FDC-42A3-9474-1A3956D46DE8}") = "Tests", "Tests", "{B391545A-9443-48E1-8E83-D0652A1E07DC}"
EndProject
Project("{FAE04EC0-301F-11D3-BF4B-00C04F79EFBC}") = "LMS.Common.ArchitectureTests", "src\Common\LMS.Common.ArchitectureTests\LMS.Common.ArchitectureTests.csproj", "{F64E5C16-9FCF-4320-8AFC-30EBF20C0837}"
EndProject
Project("{FAE04EC0-301F-11D3-BF4B-00C04F79EFBC}") = "LMS.Modules.IAM.Application", "src\Modules\IAM\LMS.Modules.IAM.Application\LMS.Modules.IAM.Application.csproj", "{1492DF7F-4C15-4A09-9A81-8DEA52E12A99}"
EndProject
Project("{FAE04EC0-301F-11D3-BF4B-00C04F79EFBC}") = "LMS.Modules.IAM.Infrastructure", "src\Modules\IAM\LMS.Modules.IAM.Infrastructure\LMS.Modules.IAM.Infrastructure.csproj", "{DCAC7040-A646-4FE5-99D2-0C1C1021D3A8}"
EndProject
Project("{FAE04EC0-301F-11D3-BF4B-00C04F79EFBC}") = "LMS.Modules.IAM.Presentation", "src\Modules\IAM\LMS.Modules.IAM.Presentation\LMS.Modules.IAM.Presentation.csproj", "{521B3D4B-DF4F-5BFE-FE7F-B24121CA83B4}"
EndProject
Global
	GlobalSection(SolutionConfigurationPlatforms) = preSolution
		Debug|Any CPU = Debug|Any CPU
		Release|Any CPU = Release|Any CPU
	EndGlobalSection
	GlobalSection(ProjectConfigurationPlatforms) = postSolution
		{341B0AF4-AA25-4D25-B397-E6362483F771}.Debug|Any CPU.ActiveCfg = Debug|Any CPU
		{341B0AF4-AA25-4D25-B397-E6362483F771}.Debug|Any CPU.Build.0 = Debug|Any CPU
		{341B0AF4-AA25-4D25-B397-E6362483F771}.Release|Any CPU.ActiveCfg = Release|Any CPU
		{341B0AF4-AA25-4D25-B397-E6362483F771}.Release|Any CPU.Build.0 = Release|Any CPU
		{3C535996-6615-4FCB-9D9D-DBEFEBFDA178}.Debug|Any CPU.ActiveCfg = Debug|Any CPU
		{3C535996-6615-4FCB-9D9D-DBEFEBFDA178}.Debug|Any CPU.Build.0 = Debug|Any CPU
		{3C535996-6615-4FCB-9D9D-DBEFEBFDA178}.Release|Any CPU.ActiveCfg = Release|Any CPU
		{3C535996-6615-4FCB-9D9D-DBEFEBFDA178}.Release|Any CPU.Build.0 = Release|Any CPU
		{EF69B4D3-A88F-4547-B38F-1D1CDAD0A5DE}.Debug|Any CPU.ActiveCfg = Debug|Any CPU
		{EF69B4D3-A88F-4547-B38F-1D1CDAD0A5DE}.Debug|Any CPU.Build.0 = Debug|Any CPU
		{EF69B4D3-A88F-4547-B38F-1D1CDAD0A5DE}.Release|Any CPU.ActiveCfg = Release|Any CPU
		{EF69B4D3-A88F-4547-B38F-1D1CDAD0A5DE}.Release|Any CPU.Build.0 = Release|Any CPU
		{EBB7E759-CCC5-43C5-903B-10CDEDADCCF4}.Debug|Any CPU.ActiveCfg = Debug|Any CPU
		{EBB7E759-CCC5-43C5-903B-10CDEDADCCF4}.Debug|Any CPU.Build.0 = Debug|Any CPU
		{EBB7E759-CCC5-43C5-903B-10CDEDADCCF4}.Release|Any CPU.ActiveCfg = Release|Any CPU
		{EBB7E759-CCC5-43C5-903B-10CDEDADCCF4}.Release|Any CPU.Build.0 = Release|Any CPU
		{128854EF-6431-6E96-CD4E-F9F8AE601434}.Debug|Any CPU.ActiveCfg = Debug|Any CPU
		{128854EF-6431-6E96-CD4E-F9F8AE601434}.Debug|Any CPU.Build.0 = Debug|Any CPU
		{128854EF-6431-6E96-CD4E-F9F8AE601434}.Release|Any CPU.ActiveCfg = Release|Any CPU
		{128854EF-6431-6E96-CD4E-F9F8AE601434}.Release|Any CPU.Build.0 = Release|Any CPU
		{FEAF50CE-4E7E-81C2-189F-2428E0D706CA}.Debug|Any CPU.ActiveCfg = Debug|Any CPU
		{FEAF50CE-4E7E-81C2-189F-2428E0D706CA}.Debug|Any CPU.Build.0 = Debug|Any CPU
		{FEAF50CE-4E7E-81C2-189F-2428E0D706CA}.Release|Any CPU.ActiveCfg = Release|Any CPU
		{FEAF50CE-4E7E-81C2-189F-2428E0D706CA}.Release|Any CPU.Build.0 = Release|Any CPU
		{F64E5C16-9FCF-4320-8AFC-30EBF20C0837}.Debug|Any CPU.ActiveCfg = Debug|Any CPU
		{F64E5C16-9FCF-4320-8AFC-30EBF20C0837}.Debug|Any CPU.Build.0 = Debug|Any CPU
		{F64E5C16-9FCF-4320-8AFC-30EBF20C0837}.Release|Any CPU.ActiveCfg = Release|Any CPU
		{F64E5C16-9FCF-4320-8AFC-30EBF20C0837}.Release|Any CPU.Build.0 = Release|Any CPU
		{1492DF7F-4C15-4A09-9A81-8DEA52E12A99}.Debug|Any CPU.ActiveCfg = Debug|Any CPU
		{1492DF7F-4C15-4A09-9A81-8DEA52E12A99}.Debug|Any CPU.Build.0 = Debug|Any CPU
		{1492DF7F-4C15-4A09-9A81-8DEA52E12A99}.Release|Any CPU.ActiveCfg = Release|Any CPU
		{1492DF7F-4C15-4A09-9A81-8DEA52E12A99}.Release|Any CPU.Build.0 = Release|Any CPU
		{DCAC7040-A646-4FE5-99D2-0C1C1021D3A8}.Debug|Any CPU.ActiveCfg = Debug|Any CPU
		{DCAC7040-A646-4FE5-99D2-0C1C1021D3A8}.Debug|Any CPU.Build.0 = Debug|Any CPU
		{DCAC7040-A646-4FE5-99D2-0C1C1021D3A8}.Release|Any CPU.ActiveCfg = Release|Any CPU
		{DCAC7040-A646-4FE5-99D2-0C1C1021D3A8}.Release|Any CPU.Build.0 = Release|Any CPU
		{521B3D4B-DF4F-5BFE-FE7F-B24121CA83B4}.Debug|Any CPU.ActiveCfg = Debug|Any CPU
		{521B3D4B-DF4F-5BFE-FE7F-B24121CA83B4}.Debug|Any CPU.Build.0 = Debug|Any CPU
		{521B3D4B-DF4F-5BFE-FE7F-B24121CA83B4}.Release|Any CPU.ActiveCfg = Release|Any CPU
		{521B3D4B-DF4F-5BFE-FE7F-B24121CA83B4}.Release|Any CPU.Build.0 = Release|Any CPU
	EndGlobalSection
	GlobalSection(SolutionProperties) = preSolution
		HideSolutionNode = FALSE
	EndGlobalSection
	GlobalSection(NestedProjects) = preSolution
		{341B0AF4-AA25-4D25-B397-E6362483F771} = {5C859110-222E-4B17-8445-D43824C20C3F}
		{3C535996-6615-4FCB-9D9D-DBEFEBFDA178} = {5C859110-222E-4B17-8445-D43824C20C3F}
		{1514F9BE-BF12-4B5A-88DA-785A4FF8BCB7} = {2AF85BB8-99FA-4AB1-99FD-D9248DD3EC08}
		{B12097E0-F1DF-4F4C-9D8A-C849C16C97D6} = {1514F9BE-BF12-4B5A-88DA-785A4FF8BCB7}
		{EF69B4D3-A88F-4547-B38F-1D1CDAD0A5DE} = {B12097E0-F1DF-4F4C-9D8A-C849C16C97D6}
		{EBB7E759-CCC5-43C5-903B-10CDEDADCCF4} = {B12097E0-F1DF-4F4C-9D8A-C849C16C97D6}
		{17115174-30F3-4E41-AF45-086B4F319C98} = {1514F9BE-BF12-4B5A-88DA-785A4FF8BCB7}
		{128854EF-6431-6E96-CD4E-F9F8AE601434} = {17115174-30F3-4E41-AF45-086B4F319C98}
		{AA5D6FF3-75C5-4992-81ED-C68474C78C94} = {2683005F-D423-47B9-9A11-ECF78D870F4C}
		{FEAF50CE-4E7E-81C2-189F-2428E0D706CA} = {AA5D6FF3-75C5-4992-81ED-C68474C78C94}
		{B391545A-9443-48E1-8E83-D0652A1E07DC} = {2683005F-D423-47B9-9A11-ECF78D870F4C}
		{F64E5C16-9FCF-4320-8AFC-30EBF20C0837} = {B391545A-9443-48E1-8E83-D0652A1E07DC}
		{1492DF7F-4C15-4A09-9A81-8DEA52E12A99} = {17115174-30F3-4E41-AF45-086B4F319C98}
		{DCAC7040-A646-4FE5-99D2-0C1C1021D3A8} = {17115174-30F3-4E41-AF45-086B4F319C98}
		{521B3D4B-DF4F-5BFE-FE7F-B24121CA83B4} = {17115174-30F3-4E41-AF45-086B4F319C98}
	EndGlobalSection
	GlobalSection(ExtensibilityGlobals) = postSolution
		SolutionGuid = {D4C40902-96F3-48BF-A7BD-E5561CA2A85A}
	EndGlobalSection
EndGlobal
