
Microsoft Visual Studio Solution File, Format Version 12.00
# Visual Studio Version 17
VisualStudioVersion = 17.0.31903.59
MinimumVisualStudioVersion = 10.0.40219.1
Project("{2150E333-8FDC-42A3-9474-1A3956D46DE8}") = "SolutionItems", "SolutionItems", "{02EA681E-C7D8-13C7-8484-4AC65E1B71E8}"
	ProjectSection(SolutionItems) = preProject
		.editorconfig = .editorconfig
		Directory.Build.props = Directory.Build.props
		Directory.Packages.props = Directory.Packages.props
		.config\dotnet-tools.json = .config\dotnet-tools.json
		stryker-config.json = stryker-config.json
	EndProjectSection
EndProject
Project("{2150E333-8FDC-42A3-9474-1A3956D46DE8}") = "Hosting", "Hosting", "{60D3B5A8-A8C0-4749-B66A-BACBD30BAE70}"
EndProject
Project("{FAE04EC0-301F-11D3-BF4B-00C04F79EFBC}") = "LMS.AppHost", "src\hosting\LMS.AppHost\LMS.AppHost.csproj", "{91B1A65F-542B-48F5-9D7A-EAF4CABA0149}"
EndProject
Project("{FAE04EC0-301F-11D3-BF4B-00C04F79EFBC}") = "LMS.ServiceDefaults", "src\hosting\LMS.ServiceDefaults\LMS.ServiceDefaults.csproj", "{5EC2A72B-9072-4B44-8D16-5E573F99419F}"
EndProject
Project("{2150E333-8FDC-42A3-9474-1A3956D46DE8}") = "Src", "Src", "{3695081F-4EA3-4CEA-96C9-CE23FB121CC4}"
EndProject
Project("{2150E333-8FDC-42A3-9474-1A3956D46DE8}") = "Common", "Common", "{D31ABB15-55AF-4A5F-B318-5AF05B94E8C5}"
EndProject
Project("{2150E333-8FDC-42A3-9474-1A3956D46DE8}") = "Modules", "Modules", "{DDD26302-C301-4D0F-98E2-7960E08A965B}"
EndProject
Project("{2150E333-8FDC-42A3-9474-1A3956D46DE8}") = "Membership", "Membership", "{4FFB4C95-CE90-40B3-86FD-9F1AA8209A53}"
EndProject
Project("{2150E333-8FDC-42A3-9474-1A3956D46DE8}") = "Src", "Src", "{910B2F49-6EB3-4F8C-AB3A-9AFEB44C3C4E}"
EndProject
Project("{2150E333-8FDC-42A3-9474-1A3956D46DE8}") = "Tests", "Tests", "{03C6D929-6AC2-459B-B92F-1D353F195891}"
EndProject
Project("{FAE04EC0-301F-11D3-BF4B-00C04F79EFBC}") = "LMS.Modules.Membership.UnitTests", "src\modules\membership\tests\LMS.Modules.Membership.UnitTests\LMS.Modules.Membership.UnitTests.csproj", "{0D1073C1-BE45-46DC-A92D-15DE1F06D3A5}"
EndProject
Project("{FAE04EC0-301F-11D3-BF4B-00C04F79EFBC}") = "LMS.Modules.Membership.ArchitectureTests", "src\modules\membership\tests\LMS.Modules.Membership.ArchitectureTests\LMS.Modules.Membership.ArchitectureTests.csproj", "{2429480C-A6A5-46E7-8F88-1FA1415EB3A1}"
EndProject
Project("{FAE04EC0-301F-11D3-BF4B-00C04F79EFBC}") = "LMS.Modules.Membership.Domain", "src\modules\membership\src\LMS.Modules.Membership.Domain\LMS.Modules.Membership.Domain.csproj", "{D0F736F3-CE1E-457B-B782-98983C929CFE}"
EndProject
Project("{FAE04EC0-301F-11D3-BF4B-00C04F79EFBC}") = "LMS.Modules.Membership.Application", "src\modules\membership\src\LMS.Modules.Membership.Application\LMS.Modules.Membership.Application.csproj", "{9AC62B86-0076-432B-9C8E-81AB043DBDC5}"
EndProject
Project("{FAE04EC0-301F-11D3-BF4B-00C04F79EFBC}") = "LMS.Modules.Membership.Infrastructure", "src\modules\membership\src\LMS.Modules.Membership.Infrastructure\LMS.Modules.Membership.Infrastructure.csproj", "{5BA30982-F04A-2A58-DD49-946EDC69D99A}"
EndProject
Project("{FAE04EC0-301F-11D3-BF4B-00C04F79EFBC}") = "LMS.Modules.Membership.API", "src\modules\membership\src\LMS.Modules.Membership.API\LMS.Modules.Membership.API.csproj", "{F71C68D8-30E3-41A4-8352-24D38A48F93F}"
EndProject
Project("{FAE04EC0-301F-11D3-BF4B-00C04F79EFBC}") = "LMS.API", "src\hosting\LMS.API\LMS.API.csproj", "{6E3CC692-43E2-8C3B-5701-111156A504BA}"
EndProject
Project("{FAE04EC0-301F-11D3-BF4B-00C04F79EFBC}") = "LMS.Modules.Membership.Registrations", "src\modules\membership\src\LMS.Modules.Membership.Registrations\LMS.Modules.Membership.Registrations.csproj", "{6B6228D0-ED35-7A8C-5BE0-43659DEED143}"
EndProject
Project("{2150E333-8FDC-42A3-9474-1A3956D46DE8}") = "ModulithTests", "ModulithTests", "{ACB56793-9027-40EA-BC51-CF8F431C06D9}"
EndProject
Project("{FAE04EC0-301F-11D3-BF4B-00C04F79EFBC}") = "LMS.Modulith.ArchitectureTests", "src\modulithtests\LMS.Modulith.ArchitectureTests\LMS.Modulith.ArchitectureTests.csproj", "{9EE7F2A1-3794-4F1D-8956-F2206CEAE996}"
EndProject
Project("{FAE04EC0-301F-11D3-BF4B-00C04F79EFBC}") = "LMS.Modulith.IntegrationTests", "src\modulithtests\LMS.Modulith.IntegrationTests\LMS.Modulith.IntegrationTests.csproj", "{77DB21FC-91B7-4CF6-BD78-065F3ECB4F83}"
EndProject
Project("{2150E333-8FDC-42A3-9474-1A3956D46DE8}") = "Src", "Src", "{C0AE84D6-ECD5-4537-8F86-2EB8C8FEC5CE}"
EndProject
Project("{2150E333-8FDC-42A3-9474-1A3956D46DE8}") = "Tests", "Tests", "{4104FBCF-35D9-4E9A-B368-01F96FE6D10E}"
EndProject
Project("{FAE04EC0-301F-11D3-BF4B-00C04F79EFBC}") = "LMS.Common.Domain", "src\common\src\LMS.Common.Domain\LMS.Common.Domain.csproj", "{A10AD5AC-399F-1054-04C5-B929C4AA738C}"
EndProject
Project("{FAE04EC0-301F-11D3-BF4B-00C04F79EFBC}") = "LMS.Common.Application", "src\common\src\LMS.Common.Application\LMS.Common.Application.csproj", "{0478000B-FD60-9C72-9DAA-5D93C1EB308A}"
EndProject
Project("{FAE04EC0-301F-11D3-BF4B-00C04F79EFBC}") = "LMS.Common.Domain.Tests", "src\common\tests\LMS.Common.Domain.Tests\LMS.Common.Domain.Tests.csproj", "{3FECC910-5CEE-0C27-370D-1E2935CD2001}"
EndProject
Global
	GlobalSection(SolutionConfigurationPlatforms) = preSolution
		Debug|Any CPU = Debug|Any CPU
		Release|Any CPU = Release|Any CPU
	EndGlobalSection
	GlobalSection(ProjectConfigurationPlatforms) = postSolution
		{91B1A65F-542B-48F5-9D7A-EAF4CABA0149}.Debug|Any CPU.ActiveCfg = Debug|Any CPU
		{91B1A65F-542B-48F5-9D7A-EAF4CABA0149}.Debug|Any CPU.Build.0 = Debug|Any CPU
		{91B1A65F-542B-48F5-9D7A-EAF4CABA0149}.Release|Any CPU.ActiveCfg = Release|Any CPU
		{91B1A65F-542B-48F5-9D7A-EAF4CABA0149}.Release|Any CPU.Build.0 = Release|Any CPU
		{5EC2A72B-9072-4B44-8D16-5E573F99419F}.Debug|Any CPU.ActiveCfg = Debug|Any CPU
		{5EC2A72B-9072-4B44-8D16-5E573F99419F}.Debug|Any CPU.Build.0 = Debug|Any CPU
		{5EC2A72B-9072-4B44-8D16-5E573F99419F}.Release|Any CPU.ActiveCfg = Release|Any CPU
		{5EC2A72B-9072-4B44-8D16-5E573F99419F}.Release|Any CPU.Build.0 = Release|Any CPU
		{0D1073C1-BE45-46DC-A92D-15DE1F06D3A5}.Debug|Any CPU.ActiveCfg = Debug|Any CPU
		{0D1073C1-BE45-46DC-A92D-15DE1F06D3A5}.Debug|Any CPU.Build.0 = Debug|Any CPU
		{0D1073C1-BE45-46DC-A92D-15DE1F06D3A5}.Release|Any CPU.ActiveCfg = Release|Any CPU
		{0D1073C1-BE45-46DC-A92D-15DE1F06D3A5}.Release|Any CPU.Build.0 = Release|Any CPU
		{2429480C-A6A5-46E7-8F88-1FA1415EB3A1}.Debug|Any CPU.ActiveCfg = Debug|Any CPU
		{2429480C-A6A5-46E7-8F88-1FA1415EB3A1}.Debug|Any CPU.Build.0 = Debug|Any CPU
		{2429480C-A6A5-46E7-8F88-1FA1415EB3A1}.Release|Any CPU.ActiveCfg = Release|Any CPU
		{2429480C-A6A5-46E7-8F88-1FA1415EB3A1}.Release|Any CPU.Build.0 = Release|Any CPU
		{D0F736F3-CE1E-457B-B782-98983C929CFE}.Debug|Any CPU.ActiveCfg = Debug|Any CPU
		{D0F736F3-CE1E-457B-B782-98983C929CFE}.Debug|Any CPU.Build.0 = Debug|Any CPU
		{D0F736F3-CE1E-457B-B782-98983C929CFE}.Release|Any CPU.ActiveCfg = Release|Any CPU
		{D0F736F3-CE1E-457B-B782-98983C929CFE}.Release|Any CPU.Build.0 = Release|Any CPU
		{9AC62B86-0076-432B-9C8E-81AB043DBDC5}.Debug|Any CPU.ActiveCfg = Debug|Any CPU
		{9AC62B86-0076-432B-9C8E-81AB043DBDC5}.Debug|Any CPU.Build.0 = Debug|Any CPU
		{9AC62B86-0076-432B-9C8E-81AB043DBDC5}.Release|Any CPU.ActiveCfg = Release|Any CPU
		{9AC62B86-0076-432B-9C8E-81AB043DBDC5}.Release|Any CPU.Build.0 = Release|Any CPU
		{5BA30982-F04A-2A58-DD49-946EDC69D99A}.Debug|Any CPU.ActiveCfg = Debug|Any CPU
		{5BA30982-F04A-2A58-DD49-946EDC69D99A}.Debug|Any CPU.Build.0 = Debug|Any CPU
		{5BA30982-F04A-2A58-DD49-946EDC69D99A}.Release|Any CPU.ActiveCfg = Release|Any CPU
		{5BA30982-F04A-2A58-DD49-946EDC69D99A}.Release|Any CPU.Build.0 = Release|Any CPU
		{F71C68D8-30E3-41A4-8352-24D38A48F93F}.Debug|Any CPU.ActiveCfg = Debug|Any CPU
		{F71C68D8-30E3-41A4-8352-24D38A48F93F}.Debug|Any CPU.Build.0 = Debug|Any CPU
		{F71C68D8-30E3-41A4-8352-24D38A48F93F}.Release|Any CPU.ActiveCfg = Release|Any CPU
		{F71C68D8-30E3-41A4-8352-24D38A48F93F}.Release|Any CPU.Build.0 = Release|Any CPU
		{6E3CC692-43E2-8C3B-5701-111156A504BA}.Debug|Any CPU.ActiveCfg = Debug|Any CPU
		{6E3CC692-43E2-8C3B-5701-111156A504BA}.Debug|Any CPU.Build.0 = Debug|Any CPU
		{6E3CC692-43E2-8C3B-5701-111156A504BA}.Release|Any CPU.ActiveCfg = Release|Any CPU
		{6E3CC692-43E2-8C3B-5701-111156A504BA}.Release|Any CPU.Build.0 = Release|Any CPU
		{6B6228D0-ED35-7A8C-5BE0-43659DEED143}.Debug|Any CPU.ActiveCfg = Debug|Any CPU
		{6B6228D0-ED35-7A8C-5BE0-43659DEED143}.Debug|Any CPU.Build.0 = Debug|Any CPU
		{6B6228D0-ED35-7A8C-5BE0-43659DEED143}.Release|Any CPU.ActiveCfg = Release|Any CPU
		{6B6228D0-ED35-7A8C-5BE0-43659DEED143}.Release|Any CPU.Build.0 = Release|Any CPU
		{9EE7F2A1-3794-4F1D-8956-F2206CEAE996}.Debug|Any CPU.ActiveCfg = Debug|Any CPU
		{9EE7F2A1-3794-4F1D-8956-F2206CEAE996}.Debug|Any CPU.Build.0 = Debug|Any CPU
		{9EE7F2A1-3794-4F1D-8956-F2206CEAE996}.Release|Any CPU.ActiveCfg = Release|Any CPU
		{9EE7F2A1-3794-4F1D-8956-F2206CEAE996}.Release|Any CPU.Build.0 = Release|Any CPU
		{77DB21FC-91B7-4CF6-BD78-065F3ECB4F83}.Debug|Any CPU.ActiveCfg = Debug|Any CPU
		{77DB21FC-91B7-4CF6-BD78-065F3ECB4F83}.Debug|Any CPU.Build.0 = Debug|Any CPU
		{77DB21FC-91B7-4CF6-BD78-065F3ECB4F83}.Release|Any CPU.ActiveCfg = Release|Any CPU
		{77DB21FC-91B7-4CF6-BD78-065F3ECB4F83}.Release|Any CPU.Build.0 = Release|Any CPU
		{A10AD5AC-399F-1054-04C5-B929C4AA738C}.Debug|Any CPU.ActiveCfg = Debug|Any CPU
		{A10AD5AC-399F-1054-04C5-B929C4AA738C}.Debug|Any CPU.Build.0 = Debug|Any CPU
		{A10AD5AC-399F-1054-04C5-B929C4AA738C}.Release|Any CPU.ActiveCfg = Release|Any CPU
		{A10AD5AC-399F-1054-04C5-B929C4AA738C}.Release|Any CPU.Build.0 = Release|Any CPU
		{0478000B-FD60-9C72-9DAA-5D93C1EB308A}.Debug|Any CPU.ActiveCfg = Debug|Any CPU
		{0478000B-FD60-9C72-9DAA-5D93C1EB308A}.Debug|Any CPU.Build.0 = Debug|Any CPU
		{0478000B-FD60-9C72-9DAA-5D93C1EB308A}.Release|Any CPU.ActiveCfg = Release|Any CPU
		{0478000B-FD60-9C72-9DAA-5D93C1EB308A}.Release|Any CPU.Build.0 = Release|Any CPU
		{3FECC910-5CEE-0C27-370D-1E2935CD2001}.Debug|Any CPU.ActiveCfg = Debug|Any CPU
		{3FECC910-5CEE-0C27-370D-1E2935CD2001}.Debug|Any CPU.Build.0 = Debug|Any CPU
		{3FECC910-5CEE-0C27-370D-1E2935CD2001}.Release|Any CPU.ActiveCfg = Release|Any CPU
		{3FECC910-5CEE-0C27-370D-1E2935CD2001}.Release|Any CPU.Build.0 = Release|Any CPU
	EndGlobalSection
	GlobalSection(SolutionProperties) = preSolution
		HideSolutionNode = FALSE
	EndGlobalSection
	GlobalSection(NestedProjects) = preSolution
		{91B1A65F-542B-48F5-9D7A-EAF4CABA0149} = {60D3B5A8-A8C0-4749-B66A-BACBD30BAE70}
		{5EC2A72B-9072-4B44-8D16-5E573F99419F} = {60D3B5A8-A8C0-4749-B66A-BACBD30BAE70}
		{D31ABB15-55AF-4A5F-B318-5AF05B94E8C5} = {3695081F-4EA3-4CEA-96C9-CE23FB121CC4}
		{DDD26302-C301-4D0F-98E2-7960E08A965B} = {3695081F-4EA3-4CEA-96C9-CE23FB121CC4}
		{4FFB4C95-CE90-40B3-86FD-9F1AA8209A53} = {DDD26302-C301-4D0F-98E2-7960E08A965B}
		{910B2F49-6EB3-4F8C-AB3A-9AFEB44C3C4E} = {4FFB4C95-CE90-40B3-86FD-9F1AA8209A53}
		{03C6D929-6AC2-459B-B92F-1D353F195891} = {4FFB4C95-CE90-40B3-86FD-9F1AA8209A53}
		{0D1073C1-BE45-46DC-A92D-15DE1F06D3A5} = {03C6D929-6AC2-459B-B92F-1D353F195891}
		{2429480C-A6A5-46E7-8F88-1FA1415EB3A1} = {03C6D929-6AC2-459B-B92F-1D353F195891}
		{D0F736F3-CE1E-457B-B782-98983C929CFE} = {910B2F49-6EB3-4F8C-AB3A-9AFEB44C3C4E}
		{9AC62B86-0076-432B-9C8E-81AB043DBDC5} = {910B2F49-6EB3-4F8C-AB3A-9AFEB44C3C4E}
		{5BA30982-F04A-2A58-DD49-946EDC69D99A} = {910B2F49-6EB3-4F8C-AB3A-9AFEB44C3C4E}
		{F71C68D8-30E3-41A4-8352-24D38A48F93F} = {910B2F49-6EB3-4F8C-AB3A-9AFEB44C3C4E}
		{6E3CC692-43E2-8C3B-5701-111156A504BA} = {60D3B5A8-A8C0-4749-B66A-BACBD30BAE70}
		{6B6228D0-ED35-7A8C-5BE0-43659DEED143} = {910B2F49-6EB3-4F8C-AB3A-9AFEB44C3C4E}
		{9EE7F2A1-3794-4F1D-8956-F2206CEAE996} = {ACB56793-9027-40EA-BC51-CF8F431C06D9}
		{77DB21FC-91B7-4CF6-BD78-065F3ECB4F83} = {ACB56793-9027-40EA-BC51-CF8F431C06D9}
		{C0AE84D6-ECD5-4537-8F86-2EB8C8FEC5CE} = {D31ABB15-55AF-4A5F-B318-5AF05B94E8C5}
		{4104FBCF-35D9-4E9A-B368-01F96FE6D10E} = {D31ABB15-55AF-4A5F-B318-5AF05B94E8C5}
		{A10AD5AC-399F-1054-04C5-B929C4AA738C} = {C0AE84D6-ECD5-4537-8F86-2EB8C8FEC5CE}
		{0478000B-FD60-9C72-9DAA-5D93C1EB308A} = {C0AE84D6-ECD5-4537-8F86-2EB8C8FEC5CE}
		{3FECC910-5CEE-0C27-370D-1E2935CD2001} = {4104FBCF-35D9-4E9A-B368-01F96FE6D10E}
	EndGlobalSection
	GlobalSection(ExtensibilityGlobals) = postSolution
		SolutionGuid = {93E15582-AABD-40C1-AB88-8A6C80558008}
	EndGlobalSection
EndGlobal
