
Microsoft Visual Studio Solution File, Format Version 12.00
# Visual Studio Version 17
VisualStudioVersion = 17.0.31903.59
MinimumVisualStudioVersion = 10.0.40219.1
Project("{2150E333-8FDC-42A3-9474-1A3956D46DE8}") = "src", "src", "{827E0CD3-B72D-47B6-A68D-7590B98EB39B}"
EndProject
Project("{2150E333-8FDC-42A3-9474-1A3956D46DE8}") = "modules", "modules", "{EC447DCF-ABFA-6E24-52A5-D7FD48A5C558}"
EndProject
Project("{2150E333-8FDC-42A3-9474-1A3956D46DE8}") = "iam", "iam", "{F528E1F6-8C1D-A641-996D-DF841B26501A}"
EndProject
Project("{2150E333-8FDC-42A3-9474-1A3956D46DE8}") = "api", "api", "{144F4E9C-214C-C864-F113-58BD76A662B1}"
EndProject
Project("{FAE04EC0-301F-11D3-BF4B-00C04F79EFBC}") = "LMS.Modules.IaM.Api", "src\modules\iam\api\LMS.Modules.IaM.Api\LMS.Modules.IaM.Api.csproj", "{0424511C-A432-45AD-9DF2-47B3EC0D0534}"
EndProject
Project("{2150E333-8FDC-42A3-9474-1A3956D46DE8}") = "tests", "tests", "{68E4358B-DB91-384F-41F1-5E41C050A369}"
EndProject
Project("{2150E333-8FDC-42A3-9474-1A3956D46DE8}") = "integration", "integration", "{DC5D9124-40D6-E603-FD7E-57B0F290E4B1}"
EndProject
Project("{FAE04EC0-301F-11D3-BF4B-00C04F79EFBC}") = "LMS.Modules.IaM.IntegrationTests", "src\modules\iam\tests\integration\LMS.Modules.IaM.IntegrationTests\LMS.Modules.IaM.IntegrationTests.csproj", "{A8923BEF-A272-4E93-8D52-232FF87A50E1}"
EndProject
Project("{2150E333-8FDC-42A3-9474-1A3956D46DE8}") = "unit", "unit", "{B61BB19C-D3C5-5277-D79D-00D24CBD5713}"
EndProject
Project("{FAE04EC0-301F-11D3-BF4B-00C04F79EFBC}") = "LMS.Modules.IaM.UnitTests", "src\modules\iam\tests\unit\LMS.Modules.IaM.UnitTests\LMS.Modules.IaM.UnitTests.csproj", "{C151B0A3-B4F1-437B-BBBA-21EE60F6EBB2}"
EndProject
Project("{2150E333-8FDC-42A3-9474-1A3956D46DE8}") = "common", "common", "{BFF2DF6E-AA54-47C7-211F-79ACCBB4577C}"
EndProject
Project("{2150E333-8FDC-42A3-9474-1A3956D46DE8}") = "tests", "tests", "{1E89AB8A-3958-F0A1-8EA0-B56BC4D9D951}"
EndProject
Project("{2150E333-8FDC-42A3-9474-1A3956D46DE8}") = "arch", "arch", "{BA634359-FD95-61D5-6A37-3D571C889D91}"
EndProject
Project("{FAE04EC0-301F-11D3-BF4B-00C04F79EFBC}") = "LMS.Common.ArchTests", "src\common\tests\arch\LMS.Common.ArchTests\LMS.Common.ArchTests.csproj", "{3F851B08-3290-4899-94A3-DC8A46A0AA15}"
EndProject
Project("{2150E333-8FDC-42A3-9474-1A3956D46DE8}") = "arch", "arch", "{5F644918-38E5-1BC5-F3C3-08FB51B88C38}"
EndProject
Project("{FAE04EC0-301F-11D3-BF4B-00C04F79EFBC}") = "LMS.Modules.IaM.ArchTests", "src\modules\iam\tests\arch\LMS.Modules.IaM.ArchTests\LMS.Modules.IaM.ArchTests.csproj", "{2F071731-165F-4932-87D6-B4B94CEE8796}"
EndProject
Project("{2150E333-8FDC-42A3-9474-1A3956D46DE8}") = "domain", "domain", "{7C49CC06-6605-EC50-649C-17F29FF596C7}"
EndProject
Project("{FAE04EC0-301F-11D3-BF4B-00C04F79EFBC}") = "LMS.Common.Domain", "src\common\domain\LMS.Common.Domain\LMS.Common.Domain.csproj", "{CE86A410-3E44-4386-B82B-8714F761749F}"
EndProject
Global
	GlobalSection(SolutionConfigurationPlatforms) = preSolution
		Debug|Any CPU = Debug|Any CPU
		Debug|x64 = Debug|x64
		Debug|x86 = Debug|x86
		Release|Any CPU = Release|Any CPU
		Release|x64 = Release|x64
		Release|x86 = Release|x86
	EndGlobalSection
	GlobalSection(ProjectConfigurationPlatforms) = postSolution
		{0424511C-A432-45AD-9DF2-47B3EC0D0534}.Debug|Any CPU.ActiveCfg = Debug|Any CPU
		{0424511C-A432-45AD-9DF2-47B3EC0D0534}.Debug|Any CPU.Build.0 = Debug|Any CPU
		{0424511C-A432-45AD-9DF2-47B3EC0D0534}.Debug|x64.ActiveCfg = Debug|Any CPU
		{0424511C-A432-45AD-9DF2-47B3EC0D0534}.Debug|x64.Build.0 = Debug|Any CPU
		{0424511C-A432-45AD-9DF2-47B3EC0D0534}.Debug|x86.ActiveCfg = Debug|Any CPU
		{0424511C-A432-45AD-9DF2-47B3EC0D0534}.Debug|x86.Build.0 = Debug|Any CPU
		{0424511C-A432-45AD-9DF2-47B3EC0D0534}.Release|Any CPU.ActiveCfg = Release|Any CPU
		{0424511C-A432-45AD-9DF2-47B3EC0D0534}.Release|Any CPU.Build.0 = Release|Any CPU
		{0424511C-A432-45AD-9DF2-47B3EC0D0534}.Release|x64.ActiveCfg = Release|Any CPU
		{0424511C-A432-45AD-9DF2-47B3EC0D0534}.Release|x64.Build.0 = Release|Any CPU
		{0424511C-A432-45AD-9DF2-47B3EC0D0534}.Release|x86.ActiveCfg = Release|Any CPU
		{0424511C-A432-45AD-9DF2-47B3EC0D0534}.Release|x86.Build.0 = Release|Any CPU
		{A8923BEF-A272-4E93-8D52-232FF87A50E1}.Debug|Any CPU.ActiveCfg = Debug|Any CPU
		{A8923BEF-A272-4E93-8D52-232FF87A50E1}.Debug|Any CPU.Build.0 = Debug|Any CPU
		{A8923BEF-A272-4E93-8D52-232FF87A50E1}.Debug|x64.ActiveCfg = Debug|Any CPU
		{A8923BEF-A272-4E93-8D52-232FF87A50E1}.Debug|x64.Build.0 = Debug|Any CPU
		{A8923BEF-A272-4E93-8D52-232FF87A50E1}.Debug|x86.ActiveCfg = Debug|Any CPU
		{A8923BEF-A272-4E93-8D52-232FF87A50E1}.Debug|x86.Build.0 = Debug|Any CPU
		{A8923BEF-A272-4E93-8D52-232FF87A50E1}.Release|Any CPU.ActiveCfg = Release|Any CPU
		{A8923BEF-A272-4E93-8D52-232FF87A50E1}.Release|Any CPU.Build.0 = Release|Any CPU
		{A8923BEF-A272-4E93-8D52-232FF87A50E1}.Release|x64.ActiveCfg = Release|Any CPU
		{A8923BEF-A272-4E93-8D52-232FF87A50E1}.Release|x64.Build.0 = Release|Any CPU
		{A8923BEF-A272-4E93-8D52-232FF87A50E1}.Release|x86.ActiveCfg = Release|Any CPU
		{A8923BEF-A272-4E93-8D52-232FF87A50E1}.Release|x86.Build.0 = Release|Any CPU
		{C151B0A3-B4F1-437B-BBBA-21EE60F6EBB2}.Debug|Any CPU.ActiveCfg = Debug|Any CPU
		{C151B0A3-B4F1-437B-BBBA-21EE60F6EBB2}.Debug|Any CPU.Build.0 = Debug|Any CPU
		{C151B0A3-B4F1-437B-BBBA-21EE60F6EBB2}.Debug|x64.ActiveCfg = Debug|Any CPU
		{C151B0A3-B4F1-437B-BBBA-21EE60F6EBB2}.Debug|x64.Build.0 = Debug|Any CPU
		{C151B0A3-B4F1-437B-BBBA-21EE60F6EBB2}.Debug|x86.ActiveCfg = Debug|Any CPU
		{C151B0A3-B4F1-437B-BBBA-21EE60F6EBB2}.Debug|x86.Build.0 = Debug|Any CPU
		{C151B0A3-B4F1-437B-BBBA-21EE60F6EBB2}.Release|Any CPU.ActiveCfg = Release|Any CPU
		{C151B0A3-B4F1-437B-BBBA-21EE60F6EBB2}.Release|Any CPU.Build.0 = Release|Any CPU
		{C151B0A3-B4F1-437B-BBBA-21EE60F6EBB2}.Release|x64.ActiveCfg = Release|Any CPU
		{C151B0A3-B4F1-437B-BBBA-21EE60F6EBB2}.Release|x64.Build.0 = Release|Any CPU
		{C151B0A3-B4F1-437B-BBBA-21EE60F6EBB2}.Release|x86.ActiveCfg = Release|Any CPU
		{C151B0A3-B4F1-437B-BBBA-21EE60F6EBB2}.Release|x86.Build.0 = Release|Any CPU
		{3F851B08-3290-4899-94A3-DC8A46A0AA15}.Debug|Any CPU.ActiveCfg = Debug|Any CPU
		{3F851B08-3290-4899-94A3-DC8A46A0AA15}.Debug|Any CPU.Build.0 = Debug|Any CPU
		{3F851B08-3290-4899-94A3-DC8A46A0AA15}.Debug|x64.ActiveCfg = Debug|Any CPU
		{3F851B08-3290-4899-94A3-DC8A46A0AA15}.Debug|x64.Build.0 = Debug|Any CPU
		{3F851B08-3290-4899-94A3-DC8A46A0AA15}.Debug|x86.ActiveCfg = Debug|Any CPU
		{3F851B08-3290-4899-94A3-DC8A46A0AA15}.Debug|x86.Build.0 = Debug|Any CPU
		{3F851B08-3290-4899-94A3-DC8A46A0AA15}.Release|Any CPU.ActiveCfg = Release|Any CPU
		{3F851B08-3290-4899-94A3-DC8A46A0AA15}.Release|Any CPU.Build.0 = Release|Any CPU
		{3F851B08-3290-4899-94A3-DC8A46A0AA15}.Release|x64.ActiveCfg = Release|Any CPU
		{3F851B08-3290-4899-94A3-DC8A46A0AA15}.Release|x64.Build.0 = Release|Any CPU
		{3F851B08-3290-4899-94A3-DC8A46A0AA15}.Release|x86.ActiveCfg = Release|Any CPU
		{3F851B08-3290-4899-94A3-DC8A46A0AA15}.Release|x86.Build.0 = Release|Any CPU
		{2F071731-165F-4932-87D6-B4B94CEE8796}.Debug|Any CPU.ActiveCfg = Debug|Any CPU
		{2F071731-165F-4932-87D6-B4B94CEE8796}.Debug|Any CPU.Build.0 = Debug|Any CPU
		{2F071731-165F-4932-87D6-B4B94CEE8796}.Debug|x64.ActiveCfg = Debug|Any CPU
		{2F071731-165F-4932-87D6-B4B94CEE8796}.Debug|x64.Build.0 = Debug|Any CPU
		{2F071731-165F-4932-87D6-B4B94CEE8796}.Debug|x86.ActiveCfg = Debug|Any CPU
		{2F071731-165F-4932-87D6-B4B94CEE8796}.Debug|x86.Build.0 = Debug|Any CPU
		{2F071731-165F-4932-87D6-B4B94CEE8796}.Release|Any CPU.ActiveCfg = Release|Any CPU
		{2F071731-165F-4932-87D6-B4B94CEE8796}.Release|Any CPU.Build.0 = Release|Any CPU
		{2F071731-165F-4932-87D6-B4B94CEE8796}.Release|x64.ActiveCfg = Release|Any CPU
		{2F071731-165F-4932-87D6-B4B94CEE8796}.Release|x64.Build.0 = Release|Any CPU
		{2F071731-165F-4932-87D6-B4B94CEE8796}.Release|x86.ActiveCfg = Release|Any CPU
		{2F071731-165F-4932-87D6-B4B94CEE8796}.Release|x86.Build.0 = Release|Any CPU
		{CE86A410-3E44-4386-B82B-8714F761749F}.Debug|Any CPU.ActiveCfg = Debug|Any CPU
		{CE86A410-3E44-4386-B82B-8714F761749F}.Debug|Any CPU.Build.0 = Debug|Any CPU
		{CE86A410-3E44-4386-B82B-8714F761749F}.Debug|x64.ActiveCfg = Debug|Any CPU
		{CE86A410-3E44-4386-B82B-8714F761749F}.Debug|x64.Build.0 = Debug|Any CPU
		{CE86A410-3E44-4386-B82B-8714F761749F}.Debug|x86.ActiveCfg = Debug|Any CPU
		{CE86A410-3E44-4386-B82B-8714F761749F}.Debug|x86.Build.0 = Debug|Any CPU
		{CE86A410-3E44-4386-B82B-8714F761749F}.Release|Any CPU.ActiveCfg = Release|Any CPU
		{CE86A410-3E44-4386-B82B-8714F761749F}.Release|Any CPU.Build.0 = Release|Any CPU
		{CE86A410-3E44-4386-B82B-8714F761749F}.Release|x64.ActiveCfg = Release|Any CPU
		{CE86A410-3E44-4386-B82B-8714F761749F}.Release|x64.Build.0 = Release|Any CPU
		{CE86A410-3E44-4386-B82B-8714F761749F}.Release|x86.ActiveCfg = Release|Any CPU
		{CE86A410-3E44-4386-B82B-8714F761749F}.Release|x86.Build.0 = Release|Any CPU
	EndGlobalSection
	GlobalSection(SolutionProperties) = preSolution
		HideSolutionNode = FALSE
	EndGlobalSection
	GlobalSection(NestedProjects) = preSolution
		{EC447DCF-ABFA-6E24-52A5-D7FD48A5C558} = {827E0CD3-B72D-47B6-A68D-7590B98EB39B}
		{F528E1F6-8C1D-A641-996D-DF841B26501A} = {EC447DCF-ABFA-6E24-52A5-D7FD48A5C558}
		{144F4E9C-214C-C864-F113-58BD76A662B1} = {F528E1F6-8C1D-A641-996D-DF841B26501A}
		{0424511C-A432-45AD-9DF2-47B3EC0D0534} = {144F4E9C-214C-C864-F113-58BD76A662B1}
		{68E4358B-DB91-384F-41F1-5E41C050A369} = {F528E1F6-8C1D-A641-996D-DF841B26501A}
		{DC5D9124-40D6-E603-FD7E-57B0F290E4B1} = {68E4358B-DB91-384F-41F1-5E41C050A369}
		{A8923BEF-A272-4E93-8D52-232FF87A50E1} = {DC5D9124-40D6-E603-FD7E-57B0F290E4B1}
		{B61BB19C-D3C5-5277-D79D-00D24CBD5713} = {68E4358B-DB91-384F-41F1-5E41C050A369}
		{C151B0A3-B4F1-437B-BBBA-21EE60F6EBB2} = {B61BB19C-D3C5-5277-D79D-00D24CBD5713}
		{BFF2DF6E-AA54-47C7-211F-79ACCBB4577C} = {827E0CD3-B72D-47B6-A68D-7590B98EB39B}
		{1E89AB8A-3958-F0A1-8EA0-B56BC4D9D951} = {BFF2DF6E-AA54-47C7-211F-79ACCBB4577C}
		{BA634359-FD95-61D5-6A37-3D571C889D91} = {1E89AB8A-3958-F0A1-8EA0-B56BC4D9D951}
		{3F851B08-3290-4899-94A3-DC8A46A0AA15} = {BA634359-FD95-61D5-6A37-3D571C889D91}
		{5F644918-38E5-1BC5-F3C3-08FB51B88C38} = {68E4358B-DB91-384F-41F1-5E41C050A369}
		{2F071731-165F-4932-87D6-B4B94CEE8796} = {5F644918-38E5-1BC5-F3C3-08FB51B88C38}
		{7C49CC06-6605-EC50-649C-17F29FF596C7} = {BFF2DF6E-AA54-47C7-211F-79ACCBB4577C}
		{CE86A410-3E44-4386-B82B-8714F761749F} = {7C49CC06-6605-EC50-649C-17F29FF596C7}
	EndGlobalSection
	GlobalSection(ExtensibilityGlobals) = postSolution
		SolutionGuid = {C23665F0-A847-4B58-82D7-9EC78DADBCC5}
	EndGlobalSection
EndGlobal
